
Microsoft Visual Studio Solution File, Format Version 12.00
# Visual Studio Version 17
VisualStudioVersion = 17.8.34525.116
MinimumVisualStudioVersion = 10.0.40219.1
Project("{FAE04EC0-301F-11D3-BF4B-00C04F79EFBC}") = "MyFirstApp", "MyFirstApp\MyFirstApp.csproj", "{C41BF76A-B828-43CD-B4BE-B6C311FA5471}"
EndProject
Global
	GlobalSection(SolutionConfigurationPlatforms) = preSolution
		Debug|Any CPU = Debug|Any CPU
		Release|Any CPU = Release|Any CPU
	EndGlobalSection
	GlobalSection(ProjectConfigurationPlatforms) = postSolution
		{C41BF76A-B828-43CD-B4BE-B6C311FA5471}.Debug|Any CPU.ActiveCfg = Debug|Any CPU
		{C41BF76A-B828-43CD-B4BE-B6C311FA5471}.Debug|Any CPU.Build.0 = Debug|Any CPU
		{C41BF76A-B828-43CD-B4BE-B6C311FA5471}.Release|Any CPU.ActiveCfg = Release|Any CPU
		{C41BF76A-B828-43CD-B4BE-B6C311FA5471}.Release|Any CPU.Build.0 = Release|Any CPU
	EndGlobalSection
	GlobalSection(SolutionProperties) = preSolution
		HideSolutionNode = FALSE
	EndGlobalSection
	GlobalSection(ExtensibilityGlobals) = postSolution
		SolutionGuid = {98BDC4D9-B7F1-4B86-96E9-7EFB19A81C57}
	EndGlobalSection
EndGlobal
